// !$*UTF8*$!
{
	archiveVersion = 1;
	classes = {
	};
	objectVersion = 48;
	objects = {

/* Begin PBXBuildFile section */
		3E15FA0C2048650B00AF09B8 /* App.swift in Sources */ = {isa = PBXBuildFile; fileRef = 3E15FA0B2048650B00AF09B8 /* App.swift */; };
		3E15FA0F2048653C00AF09B8 /* BaseNavigationController.swift in Sources */ = {isa = PBXBuildFile; fileRef = 3E15FA0E2048653C00AF09B8 /* BaseNavigationController.swift */; };
		3E15FA1A204865E200AF09B8 /* Alamofire.framework in Embed Frameworks */ = {isa = PBXBuildFile; fileRef = 3E15FA15204865DB00AF09B8 /* Alamofire.framework */; settings = {ATTRIBUTES = (CodeSignOnCopy, RemoveHeadersOnCopy, ); }; };
		3E15FA1C204865E200AF09B8 /* Nimble.framework in Embed Frameworks */ = {isa = PBXBuildFile; fileRef = 3E15FA13204865DB00AF09B8 /* Nimble.framework */; settings = {ATTRIBUTES = (CodeSignOnCopy, RemoveHeadersOnCopy, ); }; };
		3E15FA1E204865E200AF09B8 /* Quick.framework in Embed Frameworks */ = {isa = PBXBuildFile; fileRef = 3E15FA14204865DB00AF09B8 /* Quick.framework */; settings = {ATTRIBUTES = (CodeSignOnCopy, RemoveHeadersOnCopy, ); }; };
		3E15FA212048660900AF09B8 /* APIClient.swift in Sources */ = {isa = PBXBuildFile; fileRef = 3E15FA202048660900AF09B8 /* APIClient.swift */; };
		3E15FA242048665C00AF09B8 /* GCButton.swift in Sources */ = {isa = PBXBuildFile; fileRef = 3E15FA232048665C00AF09B8 /* GCButton.swift */; };
		3E15FA2A2048667400AF09B8 /* String+Extensions.swift in Sources */ = {isa = PBXBuildFile; fileRef = 3E15FA252048667300AF09B8 /* String+Extensions.swift */; };
		3E15FA2B2048667400AF09B8 /* Date+Extension.swift in Sources */ = {isa = PBXBuildFile; fileRef = 3E15FA262048667300AF09B8 /* Date+Extension.swift */; };
		3E15FA2C2048667400AF09B8 /* CGPoint+Extension.swift in Sources */ = {isa = PBXBuildFile; fileRef = 3E15FA272048667400AF09B8 /* CGPoint+Extension.swift */; };
		3E15FA2D2048667400AF09B8 /* UIViewController+Extension.swift in Sources */ = {isa = PBXBuildFile; fileRef = 3E15FA282048667400AF09B8 /* UIViewController+Extension.swift */; };
		3E15FA2E2048667400AF09B8 /* UIColor+Extension.swift in Sources */ = {isa = PBXBuildFile; fileRef = 3E15FA292048667400AF09B8 /* UIColor+Extension.swift */; };
		3E15FA302048667F00AF09B8 /* Constants.swift in Sources */ = {isa = PBXBuildFile; fileRef = 3E15FA2F2048667F00AF09B8 /* Constants.swift */; };
		3E15FA3820486D2D00AF09B8 /* TwitterRouter.swift in Sources */ = {isa = PBXBuildFile; fileRef = 3E15FA3520486D2D00AF09B8 /* TwitterRouter.swift */; };
		3E15FA3B20486D6900AF09B8 /* NetworkError.swift in Sources */ = {isa = PBXBuildFile; fileRef = 3E15FA3A20486D6900AF09B8 /* NetworkError.swift */; };
		3E2CF3602048424200795E92 /* TweetMessage.swift in Sources */ = {isa = PBXBuildFile; fileRef = 3E2CF35F2048424200795E92 /* TweetMessage.swift */; };
		3EAA148A20482B1100353D32 /* AppDelegate.swift in Sources */ = {isa = PBXBuildFile; fileRef = 3EAA148920482B1100353D32 /* AppDelegate.swift */; };
		3EAA149120482B1100353D32 /* Assets.xcassets in Resources */ = {isa = PBXBuildFile; fileRef = 3EAA149020482B1100353D32 /* Assets.xcassets */; };
		3EAA149420482B1100353D32 /* LaunchScreen.storyboard in Resources */ = {isa = PBXBuildFile; fileRef = 3EAA149220482B1100353D32 /* LaunchScreen.storyboard */; };
		3EAA14A6204840A500353D32 /* AppCoordinator.swift in Sources */ = {isa = PBXBuildFile; fileRef = 3EAA14A5204840A500353D32 /* AppCoordinator.swift */; };
		3EDCDECE204885AB00C58292 /* Obfuscator.swift in Sources */ = {isa = PBXBuildFile; fileRef = 3EDCDECC204885A600C58292 /* Obfuscator.swift */; };
		3EDCDECF204885AB00C58292 /* SecurityManager.swift in Sources */ = {isa = PBXBuildFile; fileRef = 3EDCDECD204885AB00C58292 /* SecurityManager.swift */; };
		3EDCDED1204893E900C58292 /* Tokens.swift in Sources */ = {isa = PBXBuildFile; fileRef = 3EDCDED0204893E900C58292 /* Tokens.swift */; };
/* End PBXBuildFile section */

/* Begin PBXCopyFilesBuildPhase section */
		3E15FA1F204865E200AF09B8 /* Embed Frameworks */ = {
			isa = PBXCopyFilesBuildPhase;
			buildActionMask = 2147483647;
			dstPath = "";
			dstSubfolderSpec = 10;
			files = (
				3E15FA1A204865E200AF09B8 /* Alamofire.framework in Embed Frameworks */,
				3E15FA1C204865E200AF09B8 /* Nimble.framework in Embed Frameworks */,
				3E15FA1E204865E200AF09B8 /* Quick.framework in Embed Frameworks */,
			);
			name = "Embed Frameworks";
			runOnlyForDeploymentPostprocessing = 0;
		};
/* End PBXCopyFilesBuildPhase section */

/* Begin PBXFileReference section */
		3E15FA0B2048650B00AF09B8 /* App.swift */ = {isa = PBXFileReference; lastKnownFileType = sourcecode.swift; path = App.swift; sourceTree = "<group>"; };
		3E15FA0E2048653C00AF09B8 /* BaseNavigationController.swift */ = {isa = PBXFileReference; lastKnownFileType = sourcecode.swift; path = BaseNavigationController.swift; sourceTree = "<group>"; };
		3E15FA13204865DB00AF09B8 /* Nimble.framework */ = {isa = PBXFileReference; lastKnownFileType = wrapper.framework; name = Nimble.framework; path = Carthage/Build/iOS/Nimble.framework; sourceTree = "<group>"; };
		3E15FA14204865DB00AF09B8 /* Quick.framework */ = {isa = PBXFileReference; lastKnownFileType = wrapper.framework; name = Quick.framework; path = Carthage/Build/iOS/Quick.framework; sourceTree = "<group>"; };
		3E15FA15204865DB00AF09B8 /* Alamofire.framework */ = {isa = PBXFileReference; lastKnownFileType = wrapper.framework; name = Alamofire.framework; path = Carthage/Build/iOS/Alamofire.framework; sourceTree = "<group>"; };
		3E15FA202048660900AF09B8 /* APIClient.swift */ = {isa = PBXFileReference; lastKnownFileType = sourcecode.swift; path = APIClient.swift; sourceTree = "<group>"; };
		3E15FA232048665C00AF09B8 /* GCButton.swift */ = {isa = PBXFileReference; lastKnownFileType = sourcecode.swift; path = GCButton.swift; sourceTree = "<group>"; };
		3E15FA252048667300AF09B8 /* String+Extensions.swift */ = {isa = PBXFileReference; fileEncoding = 4; lastKnownFileType = sourcecode.swift; path = "String+Extensions.swift"; sourceTree = "<group>"; };
		3E15FA262048667300AF09B8 /* Date+Extension.swift */ = {isa = PBXFileReference; fileEncoding = 4; lastKnownFileType = sourcecode.swift; path = "Date+Extension.swift"; sourceTree = "<group>"; };
		3E15FA272048667400AF09B8 /* CGPoint+Extension.swift */ = {isa = PBXFileReference; fileEncoding = 4; lastKnownFileType = sourcecode.swift; path = "CGPoint+Extension.swift"; sourceTree = "<group>"; };
		3E15FA282048667400AF09B8 /* UIViewController+Extension.swift */ = {isa = PBXFileReference; fileEncoding = 4; lastKnownFileType = sourcecode.swift; path = "UIViewController+Extension.swift"; sourceTree = "<group>"; };
		3E15FA292048667400AF09B8 /* UIColor+Extension.swift */ = {isa = PBXFileReference; fileEncoding = 4; lastKnownFileType = sourcecode.swift; path = "UIColor+Extension.swift"; sourceTree = "<group>"; };
		3E15FA2F2048667F00AF09B8 /* Constants.swift */ = {isa = PBXFileReference; fileEncoding = 4; lastKnownFileType = sourcecode.swift; path = Constants.swift; sourceTree = "<group>"; };
		3E15FA3520486D2D00AF09B8 /* TwitterRouter.swift */ = {isa = PBXFileReference; fileEncoding = 4; lastKnownFileType = sourcecode.swift; path = TwitterRouter.swift; sourceTree = "<group>"; };
		3E15FA3A20486D6900AF09B8 /* NetworkError.swift */ = {isa = PBXFileReference; lastKnownFileType = sourcecode.swift; path = NetworkError.swift; sourceTree = "<group>"; };
		3E2CF35F2048424200795E92 /* TweetMessage.swift */ = {isa = PBXFileReference; lastKnownFileType = sourcecode.swift; path = TweetMessage.swift; sourceTree = "<group>"; };
		3EAA148620482B1100353D32 /* Twiit.app */ = {isa = PBXFileReference; explicitFileType = wrapper.application; includeInIndex = 0; path = Twiit.app; sourceTree = BUILT_PRODUCTS_DIR; };
		3EAA148920482B1100353D32 /* AppDelegate.swift */ = {isa = PBXFileReference; lastKnownFileType = sourcecode.swift; path = AppDelegate.swift; sourceTree = "<group>"; };
		3EAA149020482B1100353D32 /* Assets.xcassets */ = {isa = PBXFileReference; lastKnownFileType = folder.assetcatalog; path = Assets.xcassets; sourceTree = "<group>"; };
		3EAA149320482B1100353D32 /* Base */ = {isa = PBXFileReference; lastKnownFileType = file.storyboard; name = Base; path = Base.lproj/LaunchScreen.storyboard; sourceTree = "<group>"; };
		3EAA149520482B1100353D32 /* Info.plist */ = {isa = PBXFileReference; lastKnownFileType = text.plist.xml; path = Info.plist; sourceTree = "<group>"; };
		3EAA14A5204840A500353D32 /* AppCoordinator.swift */ = {isa = PBXFileReference; lastKnownFileType = sourcecode.swift; path = AppCoordinator.swift; sourceTree = "<group>"; };
		3EDCDECC204885A600C58292 /* Obfuscator.swift */ = {isa = PBXFileReference; fileEncoding = 4; lastKnownFileType = sourcecode.swift; path = Obfuscator.swift; sourceTree = "<group>"; };
		3EDCDECD204885AB00C58292 /* SecurityManager.swift */ = {isa = PBXFileReference; fileEncoding = 4; lastKnownFileType = sourcecode.swift; path = SecurityManager.swift; sourceTree = "<group>"; };
		3EDCDED0204893E900C58292 /* Tokens.swift */ = {isa = PBXFileReference; lastKnownFileType = sourcecode.swift; path = Tokens.swift; sourceTree = "<group>"; };
/* End PBXFileReference section */

/* Begin PBXFrameworksBuildPhase section */
		3EAA148320482B1100353D32 /* Frameworks */ = {
			isa = PBXFrameworksBuildPhase;
			buildActionMask = 2147483647;
			files = (
			);
			runOnlyForDeploymentPostprocessing = 0;
		};
/* End PBXFrameworksBuildPhase section */

/* Begin PBXGroup section */
		3E15FA0A2048641500AF09B8 /* Common */ = {
			isa = PBXGroup;
			children = (
				3E15FA322048668E00AF09B8 /* Constants */,
				3E15FA312048668200AF09B8 /* Buttons */,
				3E15FA222048663F00AF09B8 /* Extensions */,
			);
			path = Common;
			sourceTree = "<group>";
		};
		3E15FA0D2048652A00AF09B8 /* Router */ = {
			isa = PBXGroup;
			children = (
				3E15FA0E2048653C00AF09B8 /* BaseNavigationController.swift */,
				3EAA14A5204840A500353D32 /* AppCoordinator.swift */,
			);
			path = Router;
			sourceTree = "<group>";
		};
		3E15FA12204865DA00AF09B8 /* Frameworks */ = {
			isa = PBXGroup;
			children = (
				3E15FA15204865DB00AF09B8 /* Alamofire.framework */,
				3E15FA13204865DB00AF09B8 /* Nimble.framework */,
				3E15FA14204865DB00AF09B8 /* Quick.framework */,
			);
			name = Frameworks;
			sourceTree = "<group>";
		};
		3E15FA222048663F00AF09B8 /* Extensions */ = {
			isa = PBXGroup;
			children = (
				3E15FA272048667400AF09B8 /* CGPoint+Extension.swift */,
				3E15FA262048667300AF09B8 /* Date+Extension.swift */,
				3E15FA252048667300AF09B8 /* String+Extensions.swift */,
				3E15FA292048667400AF09B8 /* UIColor+Extension.swift */,
				3E15FA282048667400AF09B8 /* UIViewController+Extension.swift */,
			);
			path = Extensions;
			sourceTree = "<group>";
		};
		3E15FA312048668200AF09B8 /* Buttons */ = {
			isa = PBXGroup;
			children = (
				3E15FA232048665C00AF09B8 /* GCButton.swift */,
			);
			path = Buttons;
			sourceTree = "<group>";
		};
		3E15FA322048668E00AF09B8 /* Constants */ = {
			isa = PBXGroup;
			children = (
				3E15FA2F2048667F00AF09B8 /* Constants.swift */,
			);
			path = Constants;
			sourceTree = "<group>";
		};
		3E15FA3920486D5900AF09B8 /* Errors */ = {
			isa = PBXGroup;
			children = (
				3E15FA3A20486D6900AF09B8 /* NetworkError.swift */,
			);
			path = Errors;
			sourceTree = "<group>";
		};
		3EAA147D20482B1100353D32 = {
			isa = PBXGroup;
			children = (
				3EAA148820482B1100353D32 /* Twiit */,
				3EAA148720482B1100353D32 /* Products */,
				3E15FA12204865DA00AF09B8 /* Frameworks */,
			);
			sourceTree = "<group>";
		};
		3EAA148720482B1100353D32 /* Products */ = {
			isa = PBXGroup;
			children = (
				3EAA148620482B1100353D32 /* Twiit.app */,
			);
			name = Products;
			sourceTree = "<group>";
		};
		3EAA148820482B1100353D32 /* Twiit */ = {
			isa = PBXGroup;
			children = (
				3E15FA0A2048641500AF09B8 /* Common */,
				3EAA14A82048412A00353D32 /* Entities */,
				3EAA14A72048412400353D32 /* Network */,
				3EAA14A020482B6700353D32 /* Modules */,
				3EAA149B20482B2100353D32 /* System */,
				3EAA149F20482B4F00353D32 /* Storyboards */,
				3EAA149E20482B4600353D32 /* Images */,
			);
			path = Twiit;
			sourceTree = "<group>";
		};
		3EAA149B20482B2100353D32 /* System */ = {
			isa = PBXGroup;
			children = (
				3EDCDECB2048857100C58292 /* Security */,
				3EAA149D20482B3C00353D32 /* Configuration */,
				3EAA149C20482B3500353D32 /* App */,
			);
			path = System;
			sourceTree = "<group>";
		};
		3EAA149C20482B3500353D32 /* App */ = {
			isa = PBXGroup;
			children = (
				3EAA148920482B1100353D32 /* AppDelegate.swift */,
				3E15FA0B2048650B00AF09B8 /* App.swift */,
			);
			path = App;
			sourceTree = "<group>";
		};
		3EAA149D20482B3C00353D32 /* Configuration */ = {
			isa = PBXGroup;
			children = (
				3EAA149520482B1100353D32 /* Info.plist */,
				3EDCDED0204893E900C58292 /* Tokens.swift */,
			);
			path = Configuration;
			sourceTree = "<group>";
		};
		3EAA149E20482B4600353D32 /* Images */ = {
			isa = PBXGroup;
			children = (
				3EAA149020482B1100353D32 /* Assets.xcassets */,
			);
			path = Images;
			sourceTree = "<group>";
		};
		3EAA149F20482B4F00353D32 /* Storyboards */ = {
			isa = PBXGroup;
			children = (
				3EAA149220482B1100353D32 /* LaunchScreen.storyboard */,
			);
			path = Storyboards;
			sourceTree = "<group>";
		};
		3EAA14A020482B6700353D32 /* Modules */ = {
			isa = PBXGroup;
			children = (
				3E15FA0D2048652A00AF09B8 /* Router */,
				3EAA14A12048404800353D32 /* Intro */,
				3EAA14A22048405000353D32 /* Login */,
				3EAA14A32048405E00353D32 /* TweetList */,
				3EAA14A42048409400353D32 /* TweetDetail */,
			);
			path = Modules;
			sourceTree = "<group>";
		};
		3EAA14A12048404800353D32 /* Intro */ = {
			isa = PBXGroup;
			children = (
			);
			path = Intro;
			sourceTree = "<group>";
		};
		3EAA14A22048405000353D32 /* Login */ = {
			isa = PBXGroup;
			children = (
			);
			path = Login;
			sourceTree = "<group>";
		};
		3EAA14A32048405E00353D32 /* TweetList */ = {
			isa = PBXGroup;
			children = (
			);
			path = TweetList;
			sourceTree = "<group>";
		};
		3EAA14A42048409400353D32 /* TweetDetail */ = {
			isa = PBXGroup;
			children = (
			);
			path = TweetDetail;
			sourceTree = "<group>";
		};
		3EAA14A72048412400353D32 /* Network */ = {
			isa = PBXGroup;
			children = (
				3E15FA3920486D5900AF09B8 /* Errors */,
				3E15FA3520486D2D00AF09B8 /* TwitterRouter.swift */,
				3E15FA202048660900AF09B8 /* APIClient.swift */,
			);
			path = Network;
			sourceTree = "<group>";
		};
		3EAA14A82048412A00353D32 /* Entities */ = {
			isa = PBXGroup;
			children = (
				3E2CF35F2048424200795E92 /* TweetMessage.swift */,
			);
			path = Entities;
			sourceTree = "<group>";
		};
		3EDCDECB2048857100C58292 /* Security */ = {
			isa = PBXGroup;
			children = (
				3EDCDECC204885A600C58292 /* Obfuscator.swift */,
				3EDCDECD204885AB00C58292 /* SecurityManager.swift */,
			);
			path = Security;
			sourceTree = "<group>";
		};
/* End PBXGroup section */

/* Begin PBXNativeTarget section */
		3EAA148520482B1100353D32 /* Twiit */ = {
			isa = PBXNativeTarget;
			buildConfigurationList = 3EAA149820482B1100353D32 /* Build configuration list for PBXNativeTarget "Twiit" */;
			buildPhases = (
				3EAA148220482B1100353D32 /* Sources */,
				3EAA148320482B1100353D32 /* Frameworks */,
				3EAA148420482B1100353D32 /* Resources */,
				3E15F9FA20485A2D00AF09B8 /* ShellScript */,
				3E15FA1F204865E200AF09B8 /* Embed Frameworks */,
			);
			buildRules = (
			);
			dependencies = (
			);
			name = Twiit;
			productName = Twiit;
			productReference = 3EAA148620482B1100353D32 /* Twiit.app */;
			productType = "com.apple.product-type.application";
		};
/* End PBXNativeTarget section */

/* Begin PBXProject section */
		3EAA147E20482B1100353D32 /* Project object */ = {
			isa = PBXProject;
			attributes = {
				LastSwiftUpdateCheck = 0920;
				LastUpgradeCheck = 0920;
				ORGANIZATIONNAME = "Guilherme Coelho";
				TargetAttributes = {
					3EAA148520482B1100353D32 = {
						CreatedOnToolsVersion = 9.2;
						ProvisioningStyle = Automatic;
					};
				};
			};
			buildConfigurationList = 3EAA148120482B1100353D32 /* Build configuration list for PBXProject "Twiit" */;
			compatibilityVersion = "Xcode 8.0";
			developmentRegion = en;
			hasScannedForEncodings = 0;
			knownRegions = (
				en,
				Base,
			);
			mainGroup = 3EAA147D20482B1100353D32;
			productRefGroup = 3EAA148720482B1100353D32 /* Products */;
			projectDirPath = "";
			projectRoot = "";
			targets = (
				3EAA148520482B1100353D32 /* Twiit */,
			);
		};
/* End PBXProject section */

/* Begin PBXResourcesBuildPhase section */
		3EAA148420482B1100353D32 /* Resources */ = {
			isa = PBXResourcesBuildPhase;
			buildActionMask = 2147483647;
			files = (
				3EAA149420482B1100353D32 /* LaunchScreen.storyboard in Resources */,
				3EAA149120482B1100353D32 /* Assets.xcassets in Resources */,
			);
			runOnlyForDeploymentPostprocessing = 0;
		};
/* End PBXResourcesBuildPhase section */

/* Begin PBXShellScriptBuildPhase section */
		3E15F9FA20485A2D00AF09B8 /* ShellScript */ = {
			isa = PBXShellScriptBuildPhase;
			buildActionMask = 2147483647;
			files = (
			);
			inputPaths = (
			);
			outputPaths = (
			);
			runOnlyForDeploymentPostprocessing = 0;
			shellPath = /bin/sh;
			shellScript = "if which swiftlint >/dev/null; then\n    swiftlint\nelse\n    echo \"warning: SwiftLint not installed, download from https://github.com/realm/SwiftLint\"\nfi";
		};
/* End PBXShellScriptBuildPhase section */

/* Begin PBXSourcesBuildPhase section */
		3EAA148220482B1100353D32 /* Sources */ = {
			isa = PBXSourcesBuildPhase;
			buildActionMask = 2147483647;
			files = (
				3E15FA2D2048667400AF09B8 /* UIViewController+Extension.swift in Sources */,
				3E15FA3820486D2D00AF09B8 /* TwitterRouter.swift in Sources */,
				3EAA14A6204840A500353D32 /* AppCoordinator.swift in Sources */,
				3E15FA2C2048667400AF09B8 /* CGPoint+Extension.swift in Sources */,
				3E15FA212048660900AF09B8 /* APIClient.swift in Sources */,
				3E15FA3B20486D6900AF09B8 /* NetworkError.swift in Sources */,
				3E15FA0C2048650B00AF09B8 /* App.swift in Sources */,
				3E15FA2A2048667400AF09B8 /* String+Extensions.swift in Sources */,
				3E15FA2B2048667400AF09B8 /* Date+Extension.swift in Sources */,
				3E2CF3602048424200795E92 /* TweetMessage.swift in Sources */,
				3E15FA0F2048653C00AF09B8 /* BaseNavigationController.swift in Sources */,
				3E15FA2E2048667400AF09B8 /* UIColor+Extension.swift in Sources */,
				3E15FA302048667F00AF09B8 /* Constants.swift in Sources */,
				3EAA148A20482B1100353D32 /* AppDelegate.swift in Sources */,
				3E15FA242048665C00AF09B8 /* GCButton.swift in Sources */,
				3EDCDECE204885AB00C58292 /* Obfuscator.swift in Sources */,
				3EDCDED1204893E900C58292 /* Tokens.swift in Sources */,
				3EDCDECF204885AB00C58292 /* SecurityManager.swift in Sources */,
			);
			runOnlyForDeploymentPostprocessing = 0;
		};
/* End PBXSourcesBuildPhase section */

/* Begin PBXVariantGroup section */
		3EAA149220482B1100353D32 /* LaunchScreen.storyboard */ = {
			isa = PBXVariantGroup;
			children = (
				3EAA149320482B1100353D32 /* Base */,
			);
			name = LaunchScreen.storyboard;
			sourceTree = "<group>";
		};
/* End PBXVariantGroup section */

/* Begin XCBuildConfiguration section */
		3EAA149620482B1100353D32 /* Debug */ = {
			isa = XCBuildConfiguration;
			buildSettings = {
				ALWAYS_SEARCH_USER_PATHS = NO;
				CLANG_ANALYZER_NONNULL = YES;
				CLANG_ANALYZER_NUMBER_OBJECT_CONVERSION = YES_AGGRESSIVE;
				CLANG_CXX_LANGUAGE_STANDARD = "gnu++14";
				CLANG_CXX_LIBRARY = "libc++";
				CLANG_ENABLE_MODULES = YES;
				CLANG_ENABLE_OBJC_ARC = YES;
				CLANG_WARN_BLOCK_CAPTURE_AUTORELEASING = YES;
				CLANG_WARN_BOOL_CONVERSION = YES;
				CLANG_WARN_COMMA = YES;
				CLANG_WARN_CONSTANT_CONVERSION = YES;
				CLANG_WARN_DIRECT_OBJC_ISA_USAGE = YES_ERROR;
				CLANG_WARN_DOCUMENTATION_COMMENTS = YES;
				CLANG_WARN_EMPTY_BODY = YES;
				CLANG_WARN_ENUM_CONVERSION = YES;
				CLANG_WARN_INFINITE_RECURSION = YES;
				CLANG_WARN_INT_CONVERSION = YES;
				CLANG_WARN_NON_LITERAL_NULL_CONVERSION = YES;
				CLANG_WARN_OBJC_LITERAL_CONVERSION = YES;
				CLANG_WARN_OBJC_ROOT_CLASS = YES_ERROR;
				CLANG_WARN_RANGE_LOOP_ANALYSIS = YES;
				CLANG_WARN_STRICT_PROTOTYPES = YES;
				CLANG_WARN_SUSPICIOUS_MOVE = YES;
				CLANG_WARN_UNGUARDED_AVAILABILITY = YES_AGGRESSIVE;
				CLANG_WARN_UNREACHABLE_CODE = YES;
				CLANG_WARN__DUPLICATE_METHOD_MATCH = YES;
				CODE_SIGN_IDENTITY = "iPhone Developer";
				COPY_PHASE_STRIP = NO;
				DEBUG_INFORMATION_FORMAT = dwarf;
				ENABLE_STRICT_OBJC_MSGSEND = YES;
				ENABLE_TESTABILITY = YES;
				GCC_C_LANGUAGE_STANDARD = gnu11;
				GCC_DYNAMIC_NO_PIC = NO;
				GCC_NO_COMMON_BLOCKS = YES;
				GCC_OPTIMIZATION_LEVEL = 0;
				GCC_PREPROCESSOR_DEFINITIONS = (
					"DEBUG=1",
					"$(inherited)",
				);
				GCC_WARN_64_TO_32_BIT_CONVERSION = YES;
				GCC_WARN_ABOUT_RETURN_TYPE = YES_ERROR;
				GCC_WARN_UNDECLARED_SELECTOR = YES;
				GCC_WARN_UNINITIALIZED_AUTOS = YES_AGGRESSIVE;
				GCC_WARN_UNUSED_FUNCTION = YES;
				GCC_WARN_UNUSED_VARIABLE = YES;
				IPHONEOS_DEPLOYMENT_TARGET = 11.2;
				MTL_ENABLE_DEBUG_INFO = YES;
				ONLY_ACTIVE_ARCH = YES;
				SDKROOT = iphoneos;
				SWIFT_ACTIVE_COMPILATION_CONDITIONS = DEBUG;
				SWIFT_OPTIMIZATION_LEVEL = "-Onone";
			};
			name = Debug;
		};
		3EAA149720482B1100353D32 /* Release */ = {
			isa = XCBuildConfiguration;
			buildSettings = {
				ALWAYS_SEARCH_USER_PATHS = NO;
				CLANG_ANALYZER_NONNULL = YES;
				CLANG_ANALYZER_NUMBER_OBJECT_CONVERSION = YES_AGGRESSIVE;
				CLANG_CXX_LANGUAGE_STANDARD = "gnu++14";
				CLANG_CXX_LIBRARY = "libc++";
				CLANG_ENABLE_MODULES = YES;
				CLANG_ENABLE_OBJC_ARC = YES;
				CLANG_WARN_BLOCK_CAPTURE_AUTORELEASING = YES;
				CLANG_WARN_BOOL_CONVERSION = YES;
				CLANG_WARN_COMMA = YES;
				CLANG_WARN_CONSTANT_CONVERSION = YES;
				CLANG_WARN_DIRECT_OBJC_ISA_USAGE = YES_ERROR;
				CLANG_WARN_DOCUMENTATION_COMMENTS = YES;
				CLANG_WARN_EMPTY_BODY = YES;
				CLANG_WARN_ENUM_CONVERSION = YES;
				CLANG_WARN_INFINITE_RECURSION = YES;
				CLANG_WARN_INT_CONVERSION = YES;
				CLANG_WARN_NON_LITERAL_NULL_CONVERSION = YES;
				CLANG_WARN_OBJC_LITERAL_CONVERSION = YES;
				CLANG_WARN_OBJC_ROOT_CLASS = YES_ERROR;
				CLANG_WARN_RANGE_LOOP_ANALYSIS = YES;
				CLANG_WARN_STRICT_PROTOTYPES = YES;
				CLANG_WARN_SUSPICIOUS_MOVE = YES;
				CLANG_WARN_UNGUARDED_AVAILABILITY = YES_AGGRESSIVE;
				CLANG_WARN_UNREACHABLE_CODE = YES;
				CLANG_WARN__DUPLICATE_METHOD_MATCH = YES;
				CODE_SIGN_IDENTITY = "iPhone Developer";
				COPY_PHASE_STRIP = NO;
				DEBUG_INFORMATION_FORMAT = "dwarf-with-dsym";
				ENABLE_NS_ASSERTIONS = NO;
				ENABLE_STRICT_OBJC_MSGSEND = YES;
				GCC_C_LANGUAGE_STANDARD = gnu11;
				GCC_NO_COMMON_BLOCKS = YES;
				GCC_WARN_64_TO_32_BIT_CONVERSION = YES;
				GCC_WARN_ABOUT_RETURN_TYPE = YES_ERROR;
				GCC_WARN_UNDECLARED_SELECTOR = YES;
				GCC_WARN_UNINITIALIZED_AUTOS = YES_AGGRESSIVE;
				GCC_WARN_UNUSED_FUNCTION = YES;
				GCC_WARN_UNUSED_VARIABLE = YES;
				IPHONEOS_DEPLOYMENT_TARGET = 11.2;
				MTL_ENABLE_DEBUG_INFO = NO;
				SDKROOT = iphoneos;
				SWIFT_OPTIMIZATION_LEVEL = "-Owholemodule";
				VALIDATE_PRODUCT = YES;
			};
			name = Release;
		};
		3EAA149920482B1100353D32 /* Debug */ = {
			isa = XCBuildConfiguration;
			buildSettings = {
				ASSETCATALOG_COMPILER_APPICON_NAME = AppIcon;
				CODE_SIGN_STYLE = Automatic;
				DEVELOPMENT_TEAM = W3RD9CUBAH;
				FRAMEWORK_SEARCH_PATHS = (
					"$(inherited)",
					"$(PROJECT_DIR)/Carthage/Build/iOS",
				);
				INFOPLIST_FILE = "$(SRCROOT)/Twiit/System/Configuration/Info.plist";
				LD_RUNPATH_SEARCH_PATHS = "$(inherited) @executable_path/Frameworks";
				PRODUCT_BUNDLE_IDENTIFIER = GMANC.Twiit;
				PRODUCT_NAME = "$(TARGET_NAME)";
				SWIFT_VERSION = 4.0;
				TARGETED_DEVICE_FAMILY = "1,2";
			};
			name = Debug;
		};
		3EAA149A20482B1100353D32 /* Release */ = {
			isa = XCBuildConfiguration;
			buildSettings = {
				ASSETCATALOG_COMPILER_APPICON_NAME = AppIcon;
				CODE_SIGN_STYLE = Automatic;
				DEVELOPMENT_TEAM = W3RD9CUBAH;
				FRAMEWORK_SEARCH_PATHS = (
					"$(inherited)",
					"$(PROJECT_DIR)/Carthage/Build/iOS",
				);
				INFOPLIST_FILE = "$(SRCROOT)/Twiit/System/Configuration/Info.plist";
				LD_RUNPATH_SEARCH_PATHS = "$(inherited) @executable_path/Frameworks";
				PRODUCT_BUNDLE_IDENTIFIER = GMANC.Twiit;
				PRODUCT_NAME = "$(TARGET_NAME)";
				SWIFT_VERSION = 4.0;
				TARGETED_DEVICE_FAMILY = "1,2";
			};
			name = Release;
		};
/* End XCBuildConfiguration section */

/* Begin XCConfigurationList section */
		3EAA148120482B1100353D32 /* Build configuration list for PBXProject "Twiit" */ = {
			isa = XCConfigurationList;
			buildConfigurations = (
				3EAA149620482B1100353D32 /* Debug */,
				3EAA149720482B1100353D32 /* Release */,
			);
			defaultConfigurationIsVisible = 0;
			defaultConfigurationName = Release;
		};
		3EAA149820482B1100353D32 /* Build configuration list for PBXNativeTarget "Twiit" */ = {
			isa = XCConfigurationList;
			buildConfigurations = (
				3EAA149920482B1100353D32 /* Debug */,
				3EAA149A20482B1100353D32 /* Release */,
			);
			defaultConfigurationIsVisible = 0;
			defaultConfigurationName = Release;
		};
/* End XCConfigurationList section */
	};
	rootObject = 3EAA147E20482B1100353D32 /* Project object */;
}
